
Microsoft Visual Studio Solution File, Format Version 12.00
# Visual Studio 14
VisualStudioVersion = 14.0.24720.0
MinimumVisualStudioVersion = 10.0.40219.1
Project("{FAE04EC0-301F-11D3-BF4B-00C04F79EFBC}") = "Microsoft.OData.Extensions.ODataQueryMapper", "Microsoft.OData.Extensions.ODataQueryMapper\Microsoft.OData.Extensions.ODataQueryMapper.csproj", "{E77EDAB6-BECD-4474-A712-F6FAC9A187DF}"
EndProject
Project("{FAE04EC0-301F-11D3-BF4B-00C04F79EFBC}") = "Microsoft.OData.Extensions.ODataQueryMapper.Tests", "Microsoft.OData.Extensions.ODataQueryMapper.Tests\Microsoft.OData.Extensions.ODataQueryMapper.Tests.csproj", "{58564938-D681-490F-9573-5F54D8F95B87}"
EndProject
Global
	GlobalSection(SolutionConfigurationPlatforms) = preSolution
		Debug|Any CPU = Debug|Any CPU
		Release|Any CPU = Release|Any CPU
	EndGlobalSection
	GlobalSection(ProjectConfigurationPlatforms) = postSolution
		{E77EDAB6-BECD-4474-A712-F6FAC9A187DF}.Debug|Any CPU.ActiveCfg = Debug|Any CPU
		{E77EDAB6-BECD-4474-A712-F6FAC9A187DF}.Debug|Any CPU.Build.0 = Debug|Any CPU
		{E77EDAB6-BECD-4474-A712-F6FAC9A187DF}.Release|Any CPU.ActiveCfg = Release|Any CPU
		{E77EDAB6-BECD-4474-A712-F6FAC9A187DF}.Release|Any CPU.Build.0 = Release|Any CPU
		{58564938-D681-490F-9573-5F54D8F95B87}.Debug|Any CPU.ActiveCfg = Debug|Any CPU
		{58564938-D681-490F-9573-5F54D8F95B87}.Debug|Any CPU.Build.0 = Debug|Any CPU
		{58564938-D681-490F-9573-5F54D8F95B87}.Release|Any CPU.ActiveCfg = Release|Any CPU
		{58564938-D681-490F-9573-5F54D8F95B87}.Release|Any CPU.Build.0 = Release|Any CPU
	EndGlobalSection
	GlobalSection(SolutionProperties) = preSolution
		HideSolutionNode = FALSE
	EndGlobalSection
EndGlobal
